
Microsoft Visual Studio Solution File, Format Version 12.00
Project("{FAE04EC0-301F-11D3-BF4B-00C04F79EFBC}") = "TemplateMethod_Bebidas", "TemplateMethod_Bebidas\TemplateMethod_Bebidas.csproj", "{9BF67559-9E84-49B0-A7F7-E02819C2F865}"
EndProject
Global
	GlobalSection(SolutionConfigurationPlatforms) = preSolution
		Debug|Any CPU = Debug|Any CPU
		Release|Any CPU = Release|Any CPU
	EndGlobalSection
	GlobalSection(ProjectConfigurationPlatforms) = postSolution
		{9BF67559-9E84-49B0-A7F7-E02819C2F865}.Debug|Any CPU.ActiveCfg = Debug|Any CPU
		{9BF67559-9E84-49B0-A7F7-E02819C2F865}.Debug|Any CPU.Build.0 = Debug|Any CPU
		{9BF67559-9E84-49B0-A7F7-E02819C2F865}.Release|Any CPU.ActiveCfg = Release|Any CPU
		{9BF67559-9E84-49B0-A7F7-E02819C2F865}.Release|Any CPU.Build.0 = Release|Any CPU
	EndGlobalSection
EndGlobal
